
Microsoft Visual Studio Solution File, Format Version 12.00
# Visual Studio Version 17
VisualStudioVersion = 17.13.35919.96
MinimumVisualStudioVersion = 10.0.40219.1
Project("{FAE04EC0-301F-11D3-BF4B-00C04F79EFBC}") = "MeetingRoomScheduler.API", "MeetingRoomScheduler.API\MeetingRoomScheduler.API.csproj", "{27B0E36C-8E8F-44D9-B230-2A8FD00984C7}"
EndProject
Project("{FAE04EC0-301F-11D3-BF4B-00C04F79EFBC}") = "MeetingRoomScheduler.Application", "MeetingRoomScheduler.Application\MeetingRoomScheduler.Application.csproj", "{3779DA90-2FEF-491C-9579-25A5ED203C5D}"
EndProject
Project("{FAE04EC0-301F-11D3-BF4B-00C04F79EFBC}") = "MeetingRoomScheduler.Domain", "MeetingRoomScheduler.Domain\MeetingRoomScheduler.Domain.csproj", "{6497814F-E18C-4384-BDFB-8DDC232B1FCD}"
EndProject
Project("{FAE04EC0-301F-11D3-BF4B-00C04F79EFBC}") = "MeetingRoomScheduler.Infrastructure", "MeetingRoomScheduler.Infrastructure\MeetingRoomScheduler.Infrastructure.csproj", "{ECE79C91-4C25-4ED6-941B-0B3A8EBBDFA8}"
EndProject
Project("{2150E333-8FDC-42A3-9474-1A3956D46DE8}") = "Solution Items", "Solution Items", "{8EC462FD-D22E-90A8-E5CE-7E832BA40C5D}"
	ProjectSection(SolutionItems) = preProject
		docker-compose.yml = docker-compose.yml
	EndProjectSection
EndProject
Global
	GlobalSection(SolutionConfigurationPlatforms) = preSolution
		Debug|Any CPU = Debug|Any CPU
		Release|Any CPU = Release|Any CPU
	EndGlobalSection
	GlobalSection(ProjectConfigurationPlatforms) = postSolution
		{27B0E36C-8E8F-44D9-B230-2A8FD00984C7}.Debug|Any CPU.ActiveCfg = Debug|Any CPU
		{27B0E36C-8E8F-44D9-B230-2A8FD00984C7}.Debug|Any CPU.Build.0 = Debug|Any CPU
		{27B0E36C-8E8F-44D9-B230-2A8FD00984C7}.Release|Any CPU.ActiveCfg = Release|Any CPU
		{27B0E36C-8E8F-44D9-B230-2A8FD00984C7}.Release|Any CPU.Build.0 = Release|Any CPU
		{3779DA90-2FEF-491C-9579-25A5ED203C5D}.Debug|Any CPU.ActiveCfg = Debug|Any CPU
		{3779DA90-2FEF-491C-9579-25A5ED203C5D}.Debug|Any CPU.Build.0 = Debug|Any CPU
		{3779DA90-2FEF-491C-9579-25A5ED203C5D}.Release|Any CPU.ActiveCfg = Release|Any CPU
		{3779DA90-2FEF-491C-9579-25A5ED203C5D}.Release|Any CPU.Build.0 = Release|Any CPU
		{6497814F-E18C-4384-BDFB-8DDC232B1FCD}.Debug|Any CPU.ActiveCfg = Debug|Any CPU
		{6497814F-E18C-4384-BDFB-8DDC232B1FCD}.Debug|Any CPU.Build.0 = Debug|Any CPU
		{6497814F-E18C-4384-BDFB-8DDC232B1FCD}.Release|Any CPU.ActiveCfg = Release|Any CPU
		{6497814F-E18C-4384-BDFB-8DDC232B1FCD}.Release|Any CPU.Build.0 = Release|Any CPU
		{ECE79C91-4C25-4ED6-941B-0B3A8EBBDFA8}.Debug|Any CPU.ActiveCfg = Debug|Any CPU
		{ECE79C91-4C25-4ED6-941B-0B3A8EBBDFA8}.Debug|Any CPU.Build.0 = Debug|Any CPU
		{ECE79C91-4C25-4ED6-941B-0B3A8EBBDFA8}.Release|Any CPU.ActiveCfg = Release|Any CPU
		{ECE79C91-4C25-4ED6-941B-0B3A8EBBDFA8}.Release|Any CPU.Build.0 = Release|Any CPU
	EndGlobalSection
	GlobalSection(SolutionProperties) = preSolution
		HideSolutionNode = FALSE
	EndGlobalSection
	GlobalSection(ExtensibilityGlobals) = postSolution
		SolutionGuid = {68C6CADB-824E-400E-88AC-629904A224BB}
	EndGlobalSection
EndGlobal
